// !$*UTF8*$!
{
	archiveVersion = 1;
	classes = {
	};
	objectVersion = 53;
	objects = {

/* Begin PBXBuildFile section */
		8B29B25824670A2000A051AE /* GoftamTransliterationEngine.swift in Sources */ = {isa = PBXBuildFile; fileRef = 8B29B25724670A2000A051AE /* GoftamTransliterationEngine.swift */; };
		8B49FC4C2469FDB700B08771 /* GoftamTransliterator.swift in Sources */ = {isa = PBXBuildFile; fileRef = 8B49FC4B2469FDB700B08771 /* GoftamTransliterator.swift */; };
		8B523E79246DB8DB00B4A04C /* Base.lproj in Resources */ = {isa = PBXBuildFile; fileRef = 8B523E78246DB8DB00B4A04C /* Base.lproj */; };
		8B523E7C246DB90200B4A04C /* LICENSE in Resources */ = {isa = PBXBuildFile; fileRef = 8B523E7A246DB90100B4A04C /* LICENSE */; };
		8B523E7D246DB90200B4A04C /* README.md in Resources */ = {isa = PBXBuildFile; fileRef = 8B523E7B246DB90200B4A04C /* README.md */; };
		8B558A2D247705AE00F627F3 /* MainMenu.xib in Resources */ = {isa = PBXBuildFile; fileRef = 8B558A2C2477059600F627F3 /* MainMenu.xib */; };
		8BA9129F245CC84D00C9A683 /* AppDelegate.swift in Sources */ = {isa = PBXBuildFile; fileRef = 8BA9129E245CC84D00C9A683 /* AppDelegate.swift */; };
		8BA912A1245CC85000C9A683 /* Assets.xcassets in Resources */ = {isa = PBXBuildFile; fileRef = 8BA912A0245CC85000C9A683 /* Assets.xcassets */; };
		8BA912B1245CCA4F00C9A683 /* GoftamIMKInputController.swift in Sources */ = {isa = PBXBuildFile; fileRef = 8BA912B0245CCA4F00C9A683 /* GoftamIMKInputController.swift */; };
		8BBBB08C2463C76F00C1C1FF /* PersianGoftamTransliterator.swift in Sources */ = {isa = PBXBuildFile; fileRef = 8BBBB08B2463C76F00C1C1FF /* PersianGoftamTransliterator.swift */; };
		8BC92BD5246F273500D171C4 /* GoftamWordStore.swift in Sources */ = {isa = PBXBuildFile; fileRef = 8BC92BD4246F273500D171C4 /* GoftamWordStore.swift */; };
		8BC92BD7246F345B00D171C4 /* goftam.sqlite in Resources */ = {isa = PBXBuildFile; fileRef = 8BC92BD6246F345B00D171C4 /* goftam.sqlite */; };
/* End PBXBuildFile section */

/* Begin PBXFileReference section */
		8B21E639245D45FA008B802F /* goftam.entitlements */ = {isa = PBXFileReference; lastKnownFileType = text.plist.entitlements; path = goftam.entitlements; sourceTree = "<group>"; };
		8B29B25724670A2000A051AE /* GoftamTransliterationEngine.swift */ = {isa = PBXFileReference; lastKnownFileType = sourcecode.swift; path = GoftamTransliterationEngine.swift; sourceTree = "<group>"; };
		8B49FC4B2469FDB700B08771 /* GoftamTransliterator.swift */ = {isa = PBXFileReference; lastKnownFileType = sourcecode.swift; path = GoftamTransliterator.swift; sourceTree = "<group>"; };
		8B523E78246DB8DB00B4A04C /* Base.lproj */ = {isa = PBXFileReference; lastKnownFileType = folder; path = Base.lproj; sourceTree = "<group>"; };
		8B523E7A246DB90100B4A04C /* LICENSE */ = {isa = PBXFileReference; fileEncoding = 4; lastKnownFileType = text; path = LICENSE; sourceTree = "<group>"; };
		8B523E7B246DB90200B4A04C /* README.md */ = {isa = PBXFileReference; fileEncoding = 4; lastKnownFileType = net.daringfireball.markdown; path = README.md; sourceTree = "<group>"; };
		8B523E7E246DB93B00B4A04C /* Info.plist */ = {isa = PBXFileReference; lastKnownFileType = text.plist.xml; path = Info.plist; sourceTree = "<group>"; };
		8B558A2C2477059600F627F3 /* MainMenu.xib */ = {isa = PBXFileReference; lastKnownFileType = file.xib; path = MainMenu.xib; sourceTree = "<group>"; };
		8BA9129B245CC84D00C9A683 /* goftam.app */ = {isa = PBXFileReference; explicitFileType = wrapper.application; includeInIndex = 0; path = goftam.app; sourceTree = BUILT_PRODUCTS_DIR; };
		8BA9129E245CC84D00C9A683 /* AppDelegate.swift */ = {isa = PBXFileReference; lastKnownFileType = sourcecode.swift; path = AppDelegate.swift; sourceTree = "<group>"; };
		8BA912A0245CC85000C9A683 /* Assets.xcassets */ = {isa = PBXFileReference; lastKnownFileType = folder.assetcatalog; path = Assets.xcassets; sourceTree = "<group>"; };
		8BA912B0245CCA4F00C9A683 /* GoftamIMKInputController.swift */ = {isa = PBXFileReference; lastKnownFileType = sourcecode.swift; path = GoftamIMKInputController.swift; sourceTree = "<group>"; };
		8BBBB08B2463C76F00C1C1FF /* PersianGoftamTransliterator.swift */ = {isa = PBXFileReference; lastKnownFileType = sourcecode.swift; path = PersianGoftamTransliterator.swift; sourceTree = "<group>"; };
		8BC92BD4246F273500D171C4 /* GoftamWordStore.swift */ = {isa = PBXFileReference; lastKnownFileType = sourcecode.swift; path = GoftamWordStore.swift; sourceTree = "<group>"; };
		8BC92BD6246F345B00D171C4 /* goftam.sqlite */ = {isa = PBXFileReference; lastKnownFileType = file; path = goftam.sqlite; sourceTree = "<group>"; };
/* End PBXFileReference section */

/* Begin PBXFrameworksBuildPhase section */
		8BA91298245CC84D00C9A683 /* Frameworks */ = {
			isa = PBXFrameworksBuildPhase;
			buildActionMask = 2147483647;
			files = (
			);
			runOnlyForDeploymentPostprocessing = 0;
		};
/* End PBXFrameworksBuildPhase section */

/* Begin PBXGroup section */
		8B523E77246DB82800B4A04C /* Resources */ = {
			isa = PBXGroup;
			children = (
				8BC92BD6246F345B00D171C4 /* goftam.sqlite */,
				8B558A2C2477059600F627F3 /* MainMenu.xib */,
				8B21E639245D45FA008B802F /* goftam.entitlements */,
				8B523E7E246DB93B00B4A04C /* Info.plist */,
				8B523E78246DB8DB00B4A04C /* Base.lproj */,
				8BA912A0245CC85000C9A683 /* Assets.xcassets */,
			);
			path = Resources;
			sourceTree = "<group>";
		};
		8BA91292245CC84D00C9A683 = {
			isa = PBXGroup;
			children = (
				8B523E7A246DB90100B4A04C /* LICENSE */,
				8B523E7B246DB90200B4A04C /* README.md */,
				8B523E77246DB82800B4A04C /* Resources */,
				8BA9129D245CC84D00C9A683 /* Sources */,
				8BA9129C245CC84D00C9A683 /* Products */,
			);
			sourceTree = "<group>";
		};
		8BA9129C245CC84D00C9A683 /* Products */ = {
			isa = PBXGroup;
			children = (
				8BA9129B245CC84D00C9A683 /* goftam.app */,
			);
			name = Products;
			sourceTree = "<group>";
		};
		8BA9129D245CC84D00C9A683 /* Sources */ = {
			isa = PBXGroup;
			children = (
				8BA9129E245CC84D00C9A683 /* AppDelegate.swift */,
				8BC92BD4246F273500D171C4 /* GoftamWordStore.swift */,
				8BA912B0245CCA4F00C9A683 /* GoftamIMKInputController.swift */,
				8B49FC4B2469FDB700B08771 /* GoftamTransliterator.swift */,
				8BBBB08B2463C76F00C1C1FF /* PersianGoftamTransliterator.swift */,
				8B29B25724670A2000A051AE /* GoftamTransliterationEngine.swift */,
			);
			path = Sources;
			sourceTree = "<group>";
		};
/* End PBXGroup section */

/* Begin PBXNativeTarget section */
		8BA9129A245CC84D00C9A683 /* goftam */ = {
			isa = PBXNativeTarget;
			buildConfigurationList = 8BA912A9245CC85000C9A683 /* Build configuration list for PBXNativeTarget "goftam" */;
			buildPhases = (
				8B562AE524744139005AC1BE /* Force Rebuild (Workaround 41254808) */,
				8BA91297245CC84D00C9A683 /* Sources */,
				8BA91298245CC84D00C9A683 /* Frameworks */,
				8BA91299245CC84D00C9A683 /* Resources */,
				8B94E62924739A4700E56568 /* Set Build Version and Number */,
				8B4AFF7C245E41A00031303B /* Install Input Method */,
			);
			buildRules = (
			);
			dependencies = (
			);
			name = goftam;
			productName = goftam;
			productReference = 8BA9129B245CC84D00C9A683 /* goftam.app */;
			productType = "com.apple.product-type.application";
		};
/* End PBXNativeTarget section */

/* Begin PBXProject section */
		8BA91293245CC84D00C9A683 /* Project object */ = {
			isa = PBXProject;
			attributes = {
				BuildIndependentTargetsInParallel = YES;
				LastSwiftUpdateCheck = 1130;
				LastUpgradeCheck = 1130;
				ORGANIZATIONNAME = "Brett Gutstein";
				TargetAttributes = {
					8BA9129A245CC84D00C9A683 = {
						CreatedOnToolsVersion = 11.3.1;
					};
				};
			};
			buildConfigurationList = 8BA91296245CC84D00C9A683 /* Build configuration list for PBXProject "goftam" */;
			compatibilityVersion = "Xcode 9.3";
			developmentRegion = en;
			hasScannedForEncodings = 0;
			knownRegions = (
				en,
				Base,
			);
			mainGroup = 8BA91292245CC84D00C9A683;
			productRefGroup = 8BA9129C245CC84D00C9A683 /* Products */;
			projectDirPath = "";
			projectRoot = "";
			targets = (
				8BA9129A245CC84D00C9A683 /* goftam */,
			);
		};
/* End PBXProject section */

/* Begin PBXResourcesBuildPhase section */
		8BA91299245CC84D00C9A683 /* Resources */ = {
			isa = PBXResourcesBuildPhase;
			buildActionMask = 2147483647;
			files = (
				8B558A2D247705AE00F627F3 /* MainMenu.xib in Resources */,
				8B523E7D246DB90200B4A04C /* README.md in Resources */,
				8BA912A1245CC85000C9A683 /* Assets.xcassets in Resources */,
				8B523E79246DB8DB00B4A04C /* Base.lproj in Resources */,
				8BC92BD7246F345B00D171C4 /* goftam.sqlite in Resources */,
				8B523E7C246DB90200B4A04C /* LICENSE in Resources */,
			);
			runOnlyForDeploymentPostprocessing = 0;
		};
/* End PBXResourcesBuildPhase section */

/* Begin PBXShellScriptBuildPhase section */
		8B4AFF7C245E41A00031303B /* Install Input Method */ = {
			isa = PBXShellScriptBuildPhase;
			buildActionMask = 2147483647;
			files = (
			);
			inputFileListPaths = (
			);
			inputPaths = (
			);
			name = "Install Input Method";
			outputFileListPaths = (
			);
			outputPaths = (
			);
			runOnlyForDeploymentPostprocessing = 0;
			shellPath = /bin/sh;
			shellScript = "# only install this way when developing\nif [ \"${CONFIGURATION}\" == \"Debug\" ]; then\n    DEST=\"${HOME}/Library/Input Methods\"\n    echo \"Installing Goftam into ${DEST}\"\n    killall -9 \"${EXECUTABLE_NAME}\"\n    cp -R \"${BUILT_PRODUCTS_DIR}/${FULL_PRODUCT_NAME}\" \"${DEST}\"\nfi\n";
		};
		8B562AE524744139005AC1BE /* Force Rebuild (Workaround 41254808) */ = {
			isa = PBXShellScriptBuildPhase;
			buildActionMask = 2147483647;
			files = (
			);
			inputFileListPaths = (
			);
			inputPaths = (
			);
			name = "Force Rebuild (Workaround 41254808)";
			outputFileListPaths = (
			);
			outputPaths = (
			);
			runOnlyForDeploymentPostprocessing = 0;
			shellPath = /bin/sh;
			shellScript = "# Incremental builds may fail to codesign properly for non-source\n# related changes to your project, such as resource file modifications,\n# which can result in the app failing to launch. (41254808)\n\n# Workaround: Change a source file within the same target to\n# trigger the codesign process, or perform a clean build.\n\n# present as of Xcode Version 11.4.1 (11E503a)\n\n# this bug does not play nicely with the run script to automatically\n# generate build version and number from git. workaround until\n# the bug is fixed.\n\nrm -rf ${BUILT_PRODUCTS_DIR}\n";
		};
		8B94E62924739A4700E56568 /* Set Build Version and Number */ = {
			isa = PBXShellScriptBuildPhase;
			buildActionMask = 12;
			files = (
			);
			inputFileListPaths = (
			);
			inputPaths = (
				"$(BUILT_PRODUCTS_DIR)/$(INFOPLIST_PATH)",
				"$(INSTALL_DIR)/$(INFOPLIST_PATH)",
			);
			name = "Set Build Version and Number";
			outputFileListPaths = (
			);
			outputPaths = (
			);
			runOnlyForDeploymentPostprocessing = 0;
			shellPath = /bin/sh;
			shellScript = "BUILD_NUMBER=$(git rev-list HEAD --count)\nBUILD_VERSION=$(git describe --tags --always --dirty)\nPLIST=\"\"\n\n# handle archiving\nif [ \"${ACTION}\" == \"install\" ]; then\n    PLIST=\"${INSTALL_DIR}/${INFOPLIST_PATH}\"\nelse\n    PLIST=\"${BUILT_PRODUCTS_DIR}/${INFOPLIST_PATH}\"\nfi\n\n/usr/libexec/PlistBuddy -c \"Set :CFBundleVersion $BUILD_NUMBER\" \"${PLIST}\"\n/usr/libexec/PlistBuddy -c \"Set :CFBundleShortVersionString ${BUILD_VERSION#*v}\" \"${PLIST}\"\n";
		};
/* End PBXShellScriptBuildPhase section */

/* Begin PBXSourcesBuildPhase section */
		8BA91297245CC84D00C9A683 /* Sources */ = {
			isa = PBXSourcesBuildPhase;
			buildActionMask = 2147483647;
			files = (
				8BA912B1245CCA4F00C9A683 /* GoftamIMKInputController.swift in Sources */,
				8B49FC4C2469FDB700B08771 /* GoftamTransliterator.swift in Sources */,
				8B29B25824670A2000A051AE /* GoftamTransliterationEngine.swift in Sources */,
				8BC92BD5246F273500D171C4 /* GoftamWordStore.swift in Sources */,
				8BA9129F245CC84D00C9A683 /* AppDelegate.swift in Sources */,
				8BBBB08C2463C76F00C1C1FF /* PersianGoftamTransliterator.swift in Sources */,
			);
			runOnlyForDeploymentPostprocessing = 0;
		};
/* End PBXSourcesBuildPhase section */

/* Begin XCBuildConfiguration section */
		8BA912A7245CC85000C9A683 /* Debug */ = {
			isa = XCBuildConfiguration;
			buildSettings = {
				ALWAYS_SEARCH_USER_PATHS = NO;
				CLANG_ANALYZER_NONNULL = YES;
				CLANG_ANALYZER_NUMBER_OBJECT_CONVERSION = YES_AGGRESSIVE;
				CLANG_CXX_LANGUAGE_STANDARD = "gnu++14";
				CLANG_CXX_LIBRARY = "libc++";
				CLANG_ENABLE_MODULES = YES;
				CLANG_ENABLE_OBJC_ARC = YES;
				CLANG_ENABLE_OBJC_WEAK = YES;
				CLANG_WARN_BLOCK_CAPTURE_AUTORELEASING = YES;
				CLANG_WARN_BOOL_CONVERSION = YES;
				CLANG_WARN_COMMA = YES;
				CLANG_WARN_CONSTANT_CONVERSION = YES;
				CLANG_WARN_DEPRECATED_OBJC_IMPLEMENTATIONS = YES;
				CLANG_WARN_DIRECT_OBJC_ISA_USAGE = YES_ERROR;
				CLANG_WARN_DOCUMENTATION_COMMENTS = YES;
				CLANG_WARN_EMPTY_BODY = YES;
				CLANG_WARN_ENUM_CONVERSION = YES;
				CLANG_WARN_INFINITE_RECURSION = YES;
				CLANG_WARN_INT_CONVERSION = YES;
				CLANG_WARN_NON_LITERAL_NULL_CONVERSION = YES;
				CLANG_WARN_OBJC_IMPLICIT_RETAIN_SELF = YES;
				CLANG_WARN_OBJC_LITERAL_CONVERSION = YES;
				CLANG_WARN_OBJC_ROOT_CLASS = YES_ERROR;
				CLANG_WARN_RANGE_LOOP_ANALYSIS = YES;
				CLANG_WARN_STRICT_PROTOTYPES = YES;
				CLANG_WARN_SUSPICIOUS_MOVE = YES;
				CLANG_WARN_UNGUARDED_AVAILABILITY = YES_AGGRESSIVE;
				CLANG_WARN_UNREACHABLE_CODE = YES;
				CLANG_WARN__DUPLICATE_METHOD_MATCH = YES;
				COPY_PHASE_STRIP = NO;
				DEBUG_INFORMATION_FORMAT = dwarf;
				ENABLE_STRICT_OBJC_MSGSEND = YES;
				ENABLE_TESTABILITY = YES;
				GCC_C_LANGUAGE_STANDARD = gnu11;
				GCC_DYNAMIC_NO_PIC = NO;
				GCC_NO_COMMON_BLOCKS = YES;
				GCC_OPTIMIZATION_LEVEL = 0;
				GCC_PREPROCESSOR_DEFINITIONS = (
					"DEBUG=1",
					"$(inherited)",
				);
				GCC_WARN_64_TO_32_BIT_CONVERSION = YES;
				GCC_WARN_ABOUT_RETURN_TYPE = YES_ERROR;
				GCC_WARN_UNDECLARED_SELECTOR = YES;
				GCC_WARN_UNINITIALIZED_AUTOS = YES_AGGRESSIVE;
				GCC_WARN_UNUSED_FUNCTION = YES;
				GCC_WARN_UNUSED_VARIABLE = YES;
				MACOSX_DEPLOYMENT_TARGET = 10.15;
				MTL_ENABLE_DEBUG_INFO = INCLUDE_SOURCE;
				MTL_FAST_MATH = YES;
				ONLY_ACTIVE_ARCH = YES;
				SDKROOT = macosx;
				SWIFT_ACTIVE_COMPILATION_CONDITIONS = DEBUG;
				SWIFT_OPTIMIZATION_LEVEL = "-Onone";
			};
			name = Debug;
		};
		8BA912A8245CC85000C9A683 /* Release */ = {
			isa = XCBuildConfiguration;
			buildSettings = {
				ALWAYS_SEARCH_USER_PATHS = NO;
				CLANG_ANALYZER_NONNULL = YES;
				CLANG_ANALYZER_NUMBER_OBJECT_CONVERSION = YES_AGGRESSIVE;
				CLANG_CXX_LANGUAGE_STANDARD = "gnu++14";
				CLANG_CXX_LIBRARY = "libc++";
				CLANG_ENABLE_MODULES = YES;
				CLANG_ENABLE_OBJC_ARC = YES;
				CLANG_ENABLE_OBJC_WEAK = YES;
				CLANG_WARN_BLOCK_CAPTURE_AUTORELEASING = YES;
				CLANG_WARN_BOOL_CONVERSION = YES;
				CLANG_WARN_COMMA = YES;
				CLANG_WARN_CONSTANT_CONVERSION = YES;
				CLANG_WARN_DEPRECATED_OBJC_IMPLEMENTATIONS = YES;
				CLANG_WARN_DIRECT_OBJC_ISA_USAGE = YES_ERROR;
				CLANG_WARN_DOCUMENTATION_COMMENTS = YES;
				CLANG_WARN_EMPTY_BODY = YES;
				CLANG_WARN_ENUM_CONVERSION = YES;
				CLANG_WARN_INFINITE_RECURSION = YES;
				CLANG_WARN_INT_CONVERSION = YES;
				CLANG_WARN_NON_LITERAL_NULL_CONVERSION = YES;
				CLANG_WARN_OBJC_IMPLICIT_RETAIN_SELF = YES;
				CLANG_WARN_OBJC_LITERAL_CONVERSION = YES;
				CLANG_WARN_OBJC_ROOT_CLASS = YES_ERROR;
				CLANG_WARN_RANGE_LOOP_ANALYSIS = YES;
				CLANG_WARN_STRICT_PROTOTYPES = YES;
				CLANG_WARN_SUSPICIOUS_MOVE = YES;
				CLANG_WARN_UNGUARDED_AVAILABILITY = YES_AGGRESSIVE;
				CLANG_WARN_UNREACHABLE_CODE = YES;
				CLANG_WARN__DUPLICATE_METHOD_MATCH = YES;
				COPY_PHASE_STRIP = NO;
				DEBUG_INFORMATION_FORMAT = "dwarf-with-dsym";
				ENABLE_NS_ASSERTIONS = NO;
				ENABLE_STRICT_OBJC_MSGSEND = YES;
				GCC_C_LANGUAGE_STANDARD = gnu11;
				GCC_NO_COMMON_BLOCKS = YES;
				GCC_WARN_64_TO_32_BIT_CONVERSION = YES;
				GCC_WARN_ABOUT_RETURN_TYPE = YES_ERROR;
				GCC_WARN_UNDECLARED_SELECTOR = YES;
				GCC_WARN_UNINITIALIZED_AUTOS = YES_AGGRESSIVE;
				GCC_WARN_UNUSED_FUNCTION = YES;
				GCC_WARN_UNUSED_VARIABLE = YES;
				MACOSX_DEPLOYMENT_TARGET = 10.15;
				MTL_ENABLE_DEBUG_INFO = NO;
				MTL_FAST_MATH = YES;
				SDKROOT = macosx;
				SWIFT_COMPILATION_MODE = wholemodule;
				SWIFT_OPTIMIZATION_LEVEL = "-O";
			};
			name = Release;
		};
		8BA912AA245CC85000C9A683 /* Debug */ = {
			isa = XCBuildConfiguration;
			buildSettings = {
				ASSETCATALOG_COMPILER_APPICON_NAME = AppIcon;
				CODE_SIGN_ENTITLEMENTS = Resources/goftam.entitlements;
				CODE_SIGN_IDENTITY = "-";
				CODE_SIGN_STYLE = Automatic;
				COMBINE_HIDPI_IMAGES = YES;
				DEVELOPMENT_TEAM = "";
				INFOPLIST_FILE = Resources/Info.plist;
				LD_RUNPATH_SEARCH_PATHS = (
					"$(inherited)",
					"@executable_path/../Frameworks",
				);
				PRODUCT_BUNDLE_IDENTIFIER = in.gutste.inputmethod.goftam;
				PRODUCT_NAME = "$(TARGET_NAME)";
				PROVISIONING_PROFILE_SPECIFIER = "";
				SWIFT_VERSION = 5.0;
			};
			name = Debug;
		};
		8BA912AB245CC85000C9A683 /* Release */ = {
			isa = XCBuildConfiguration;
			buildSettings = {
				ASSETCATALOG_COMPILER_APPICON_NAME = AppIcon;
				CODE_SIGN_ENTITLEMENTS = Resources/goftam.entitlements;
				CODE_SIGN_IDENTITY = "-";
				CODE_SIGN_STYLE = Automatic;
				COMBINE_HIDPI_IMAGES = YES;
				DEVELOPMENT_TEAM = "";
				INFOPLIST_FILE = Resources/Info.plist;
				LD_RUNPATH_SEARCH_PATHS = (
					"$(inherited)",
					"@executable_path/../Frameworks",
				);
				PRODUCT_BUNDLE_IDENTIFIER = in.gutste.inputmethod.goftam;
				PRODUCT_NAME = "$(TARGET_NAME)";
				PROVISIONING_PROFILE_SPECIFIER = "";
				SWIFT_VERSION = 5.0;
			};
			name = Release;
		};
/* End XCBuildConfiguration section */

/* Begin XCConfigurationList section */
		8BA91296245CC84D00C9A683 /* Build configuration list for PBXProject "goftam" */ = {
			isa = XCConfigurationList;
			buildConfigurations = (
				8BA912A7245CC85000C9A683 /* Debug */,
				8BA912A8245CC85000C9A683 /* Release */,
			);
			defaultConfigurationIsVisible = 0;
			defaultConfigurationName = Release;
		};
		8BA912A9245CC85000C9A683 /* Build configuration list for PBXNativeTarget "goftam" */ = {
			isa = XCConfigurationList;
			buildConfigurations = (
				8BA912AA245CC85000C9A683 /* Debug */,
				8BA912AB245CC85000C9A683 /* Release */,
			);
			defaultConfigurationIsVisible = 0;
			defaultConfigurationName = Release;
		};
/* End XCConfigurationList section */
	};
	rootObject = 8BA91293245CC84D00C9A683 /* Project object */;
}
